# GENERATED FILE - DO NOT EDIT DIRECTLY
schema_version: 1

bundle:
  version: "0.9.4-dev"
  release_sequence: 0
  channel: "development"
  source_tree_digest: "sha256:ba597010d9403127df8c67102186ef40c546a08101d1a93201d17f8108deb520"
  digest: "sha256:12020fd6433653d350bca1bc3ee3f8b6a59c0bcbdef96ed2ed8d24480cff212b"

projection:
  input_digest: "sha256:888f0883393ee380388d4cb2fa4f461931dfcddad6053c938919c3f3ef157e8b"
  output_digest: "sha256:d104500c751d0646e55d10331245c40caa05e7830ef7e9e84ce179d52741d02c"
  files:
    - path: ".gds/compiled-policy.json"
      digest: "sha256:e0050797be3eb8e330586a95ce58ce1e005e98d29c312960e32af5c68b6d4608"
